// !$*UTF8*$!
{
	archiveVersion = 1;
	classes = {
	};
	objectVersion = 48;
	objects = {

/* Begin PBXBuildFile section */
		DAEE3F6F1F97025700472A65 /* AppDelegate.swift in Sources */ = {isa = PBXBuildFile; fileRef = DAEE3F6E1F97025700472A65 /* AppDelegate.swift */; };
		DAEE3F711F97025700472A65 /* ViewController.swift in Sources */ = {isa = PBXBuildFile; fileRef = DAEE3F701F97025700472A65 /* ViewController.swift */; };
		DAEE3F741F97025700472A65 /* Main.storyboard in Resources */ = {isa = PBXBuildFile; fileRef = DAEE3F721F97025700472A65 /* Main.storyboard */; };
		DAEE3F761F97025700472A65 /* Assets.xcassets in Resources */ = {isa = PBXBuildFile; fileRef = DAEE3F751F97025700472A65 /* Assets.xcassets */; };
		DAEE3F791F97025700472A65 /* LaunchScreen.storyboard in Resources */ = {isa = PBXBuildFile; fileRef = DAEE3F771F97025700472A65 /* LaunchScreen.storyboard */; };
		DAEE3F841F97025700472A65 /* AppTestTests.swift in Sources */ = {isa = PBXBuildFile; fileRef = DAEE3F831F97025700472A65 /* AppTestTests.swift */; };
		DAEE3F8F1F97025700472A65 /* AppTestUITests.swift in Sources */ = {isa = PBXBuildFile; fileRef = DAEE3F8E1F97025700472A65 /* AppTestUITests.swift */; };
/* End PBXBuildFile section */

/* Begin PBXContainerItemProxy section */
		DAEE3F801F97025700472A65 /* PBXContainerItemProxy */ = {
			isa = PBXContainerItemProxy;
			containerPortal = DAEE3F631F97025700472A65 /* Project object */;
			proxyType = 1;
			remoteGlobalIDString = DAEE3F6A1F97025700472A65;
			remoteInfo = AppTest;
		};
		DAEE3F8B1F97025700472A65 /* PBXContainerItemProxy */ = {
			isa = PBXContainerItemProxy;
			containerPortal = DAEE3F631F97025700472A65 /* Project object */;
			proxyType = 1;
			remoteGlobalIDString = DAEE3F6A1F97025700472A65;
			remoteInfo = AppTest;
		};
/* End PBXContainerItemProxy section */

/* Begin PBXFileReference section */
		DAEE3F6B1F97025700472A65 /* AppTest.app */ = {isa = PBXFileReference; explicitFileType = wrapper.application; includeInIndex = 0; path = AppTest.app; sourceTree = BUILT_PRODUCTS_DIR; };
		DAEE3F6E1F97025700472A65 /* AppDelegate.swift */ = {isa = PBXFileReference; lastKnownFileType = sourcecode.swift; path = AppDelegate.swift; sourceTree = "<group>"; };
		DAEE3F701F97025700472A65 /* ViewController.swift */ = {isa = PBXFileReference; lastKnownFileType = sourcecode.swift; path = ViewController.swift; sourceTree = "<group>"; };
		DAEE3F731F97025700472A65 /* Base */ = {isa = PBXFileReference; lastKnownFileType = file.storyboard; name = Base; path = Base.lproj/Main.storyboard; sourceTree = "<group>"; };
		DAEE3F751F97025700472A65 /* Assets.xcassets */ = {isa = PBXFileReference; lastKnownFileType = folder.assetcatalog; path = Assets.xcassets; sourceTree = "<group>"; };
		DAEE3F781F97025700472A65 /* Base */ = {isa = PBXFileReference; lastKnownFileType = file.storyboard; name = Base; path = Base.lproj/LaunchScreen.storyboard; sourceTree = "<group>"; };
		DAEE3F7A1F97025700472A65 /* Info.plist */ = {isa = PBXFileReference; lastKnownFileType = text.plist.xml; path = Info.plist; sourceTree = "<group>"; };
		DAEE3F7F1F97025700472A65 /* AppTestTests.xctest */ = {isa = PBXFileReference; explicitFileType = wrapper.cfbundle; includeInIndex = 0; path = AppTestTests.xctest; sourceTree = BUILT_PRODUCTS_DIR; };
		DAEE3F831F97025700472A65 /* AppTestTests.swift */ = {isa = PBXFileReference; lastKnownFileType = sourcecode.swift; path = AppTestTests.swift; sourceTree = "<group>"; };
		DAEE3F851F97025700472A65 /* Info.plist */ = {isa = PBXFileReference; lastKnownFileType = text.plist.xml; path = Info.plist; sourceTree = "<group>"; };
		DAEE3F8A1F97025700472A65 /* AppTestUITests.xctest */ = {isa = PBXFileReference; explicitFileType = wrapper.cfbundle; includeInIndex = 0; path = AppTestUITests.xctest; sourceTree = BUILT_PRODUCTS_DIR; };
		DAEE3F8E1F97025700472A65 /* AppTestUITests.swift */ = {isa = PBXFileReference; lastKnownFileType = sourcecode.swift; path = AppTestUITests.swift; sourceTree = "<group>"; };
		DAEE3F901F97025700472A65 /* Info.plist */ = {isa = PBXFileReference; lastKnownFileType = text.plist.xml; path = Info.plist; sourceTree = "<group>"; };
/* End PBXFileReference section */

/* Begin PBXFrameworksBuildPhase section */
		DAEE3F681F97025700472A65 /* Frameworks */ = {
			isa = PBXFrameworksBuildPhase;
			buildActionMask = 2147483647;
			files = (
			);
			runOnlyForDeploymentPostprocessing = 0;
		};
		DAEE3F7C1F97025700472A65 /* Frameworks */ = {
			isa = PBXFrameworksBuildPhase;
			buildActionMask = 2147483647;
			files = (
			);
			runOnlyForDeploymentPostprocessing = 0;
		};
		DAEE3F871F97025700472A65 /* Frameworks */ = {
			isa = PBXFrameworksBuildPhase;
			buildActionMask = 2147483647;
			files = (
			);
			runOnlyForDeploymentPostprocessing = 0;
		};
/* End PBXFrameworksBuildPhase section */

/* Begin PBXGroup section */
		DAEE3F621F97025700472A65 = {
			isa = PBXGroup;
			children = (
				DAEE3F6D1F97025700472A65 /* AppTest */,
				DAEE3F821F97025700472A65 /* AppTestTests */,
				DAEE3F8D1F97025700472A65 /* AppTestUITests */,
				DAEE3F6C1F97025700472A65 /* Products */,
			);
			sourceTree = "<group>";
		};
		DAEE3F6C1F97025700472A65 /* Products */ = {
			isa = PBXGroup;
			children = (
				DAEE3F6B1F97025700472A65 /* AppTest.app */,
				DAEE3F7F1F97025700472A65 /* AppTestTests.xctest */,
				DAEE3F8A1F97025700472A65 /* AppTestUITests.xctest */,
			);
			name = Products;
			sourceTree = "<group>";
		};
		DAEE3F6D1F97025700472A65 /* AppTest */ = {
			isa = PBXGroup;
			children = (
				DAEE3F6E1F97025700472A65 /* AppDelegate.swift */,
				DAEE3F701F97025700472A65 /* ViewController.swift */,
				DAEE3F721F97025700472A65 /* Main.storyboard */,
				DAEE3F751F97025700472A65 /* Assets.xcassets */,
				DAEE3F771F97025700472A65 /* LaunchScreen.storyboard */,
				DAEE3F7A1F97025700472A65 /* Info.plist */,
			);
			path = AppTest;
			sourceTree = "<group>";
		};
		DAEE3F821F97025700472A65 /* AppTestTests */ = {
			isa = PBXGroup;
			children = (
				DAEE3F831F97025700472A65 /* AppTestTests.swift */,
				DAEE3F851F97025700472A65 /* Info.plist */,
			);
			path = AppTestTests;
			sourceTree = "<group>";
		};
		DAEE3F8D1F97025700472A65 /* AppTestUITests */ = {
			isa = PBXGroup;
			children = (
				DAEE3F8E1F97025700472A65 /* AppTestUITests.swift */,
				DAEE3F901F97025700472A65 /* Info.plist */,
			);
			path = AppTestUITests;
			sourceTree = "<group>";
		};
/* End PBXGroup section */

/* Begin PBXNativeTarget section */
		DAEE3F6A1F97025700472A65 /* AppTest */ = {
			isa = PBXNativeTarget;
			buildConfigurationList = DAEE3F931F97025700472A65 /* Build configuration list for PBXNativeTarget "AppTest" */;
			buildPhases = (
				DAEE3F671F97025700472A65 /* Sources */,
				DAEE3F681F97025700472A65 /* Frameworks */,
				DAEE3F691F97025700472A65 /* Resources */,
			);
			buildRules = (
			);
			dependencies = (
			);
			name = AppTest;
			productName = AppTest;
			productReference = DAEE3F6B1F97025700472A65 /* AppTest.app */;
			productType = "com.apple.product-type.application";
		};
		DAEE3F7E1F97025700472A65 /* AppTestTests */ = {
			isa = PBXNativeTarget;
			buildConfigurationList = DAEE3F961F97025700472A65 /* Build configuration list for PBXNativeTarget "AppTestTests" */;
			buildPhases = (
				DAEE3F7B1F97025700472A65 /* Sources */,
				DAEE3F7C1F97025700472A65 /* Frameworks */,
				DAEE3F7D1F97025700472A65 /* Resources */,
			);
			buildRules = (
			);
			dependencies = (
				DAEE3F811F97025700472A65 /* PBXTargetDependency */,
			);
			name = AppTestTests;
			productName = AppTestTests;
			productReference = DAEE3F7F1F97025700472A65 /* AppTestTests.xctest */;
			productType = "com.apple.product-type.bundle.unit-test";
		};
		DAEE3F891F97025700472A65 /* AppTestUITests */ = {
			isa = PBXNativeTarget;
			buildConfigurationList = DAEE3F991F97025700472A65 /* Build configuration list for PBXNativeTarget "AppTestUITests" */;
			buildPhases = (
				DAEE3F861F97025700472A65 /* Sources */,
				DAEE3F871F97025700472A65 /* Frameworks */,
				DAEE3F881F97025700472A65 /* Resources */,
			);
			buildRules = (
			);
			dependencies = (
				DAEE3F8C1F97025700472A65 /* PBXTargetDependency */,
			);
			name = AppTestUITests;
			productName = AppTestUITests;
			productReference = DAEE3F8A1F97025700472A65 /* AppTestUITests.xctest */;
			productType = "com.apple.product-type.bundle.ui-testing";
		};
/* End PBXNativeTarget section */

/* Begin PBXProject section */
		DAEE3F631F97025700472A65 /* Project object */ = {
			isa = PBXProject;
			attributes = {
				LastSwiftUpdateCheck = 0900;
				LastUpgradeCheck = 0900;
				ORGANIZATIONNAME = "최동호";
				TargetAttributes = {
					DAEE3F6A1F97025700472A65 = {
						CreatedOnToolsVersion = 9.0.1;
						ProvisioningStyle = Automatic;
					};
					DAEE3F7E1F97025700472A65 = {
						CreatedOnToolsVersion = 9.0.1;
						ProvisioningStyle = Automatic;
						TestTargetID = DAEE3F6A1F97025700472A65;
					};
					DAEE3F891F97025700472A65 = {
						CreatedOnToolsVersion = 9.0.1;
						ProvisioningStyle = Automatic;
						TestTargetID = DAEE3F6A1F97025700472A65;
					};
				};
			};
			buildConfigurationList = DAEE3F661F97025700472A65 /* Build configuration list for PBXProject "AppTest" */;
			compatibilityVersion = "Xcode 8.0";
			developmentRegion = en;
			hasScannedForEncodings = 0;
			knownRegions = (
				en,
				Base,
			);
			mainGroup = DAEE3F621F97025700472A65;
			productRefGroup = DAEE3F6C1F97025700472A65 /* Products */;
			projectDirPath = "";
			projectRoot = "";
			targets = (
				DAEE3F6A1F97025700472A65 /* AppTest */,
				DAEE3F7E1F97025700472A65 /* AppTestTests */,
				DAEE3F891F97025700472A65 /* AppTestUITests */,
			);
		};
/* End PBXProject section */

/* Begin PBXResourcesBuildPhase section */
		DAEE3F691F97025700472A65 /* Resources */ = {
			isa = PBXResourcesBuildPhase;
			buildActionMask = 2147483647;
			files = (
				DAEE3F791F97025700472A65 /* LaunchScreen.storyboard in Resources */,
				DAEE3F761F97025700472A65 /* Assets.xcassets in Resources */,
				DAEE3F741F97025700472A65 /* Main.storyboard in Resources */,
			);
			runOnlyForDeploymentPostprocessing = 0;
		};
		DAEE3F7D1F97025700472A65 /* Resources */ = {
			isa = PBXResourcesBuildPhase;
			buildActionMask = 2147483647;
			files = (
			);
			runOnlyForDeploymentPostprocessing = 0;
		};
		DAEE3F881F97025700472A65 /* Resources */ = {
			isa = PBXResourcesBuildPhase;
			buildActionMask = 2147483647;
			files = (
			);
			runOnlyForDeploymentPostprocessing = 0;
		};
/* End PBXResourcesBuildPhase section */

/* Begin PBXSourcesBuildPhase section */
		DAEE3F671F97025700472A65 /* Sources */ = {
			isa = PBXSourcesBuildPhase;
			buildActionMask = 2147483647;
			files = (
				DAEE3F711F97025700472A65 /* ViewController.swift in Sources */,
				DAEE3F6F1F97025700472A65 /* AppDelegate.swift in Sources */,
			);
			runOnlyForDeploymentPostprocessing = 0;
		};
		DAEE3F7B1F97025700472A65 /* Sources */ = {
			isa = PBXSourcesBuildPhase;
			buildActionMask = 2147483647;
			files = (
				DAEE3F841F97025700472A65 /* AppTestTests.swift in Sources */,
			);
			runOnlyForDeploymentPostprocessing = 0;
		};
		DAEE3F861F97025700472A65 /* Sources */ = {
			isa = PBXSourcesBuildPhase;
			buildActionMask = 2147483647;
			files = (
				DAEE3F8F1F97025700472A65 /* AppTestUITests.swift in Sources */,
			);
			runOnlyForDeploymentPostprocessing = 0;
		};
/* End PBXSourcesBuildPhase section */

/* Begin PBXTargetDependency section */
		DAEE3F811F97025700472A65 /* PBXTargetDependency */ = {
			isa = PBXTargetDependency;
			target = DAEE3F6A1F97025700472A65 /* AppTest */;
			targetProxy = DAEE3F801F97025700472A65 /* PBXContainerItemProxy */;
		};
		DAEE3F8C1F97025700472A65 /* PBXTargetDependency */ = {
			isa = PBXTargetDependency;
			target = DAEE3F6A1F97025700472A65 /* AppTest */;
			targetProxy = DAEE3F8B1F97025700472A65 /* PBXContainerItemProxy */;
		};
/* End PBXTargetDependency section */

/* Begin PBXVariantGroup section */
		DAEE3F721F97025700472A65 /* Main.storyboard */ = {
			isa = PBXVariantGroup;
			children = (
				DAEE3F731F97025700472A65 /* Base */,
			);
			name = Main.storyboard;
			sourceTree = "<group>";
		};
		DAEE3F771F97025700472A65 /* LaunchScreen.storyboard */ = {
			isa = PBXVariantGroup;
			children = (
				DAEE3F781F97025700472A65 /* Base */,
			);
			name = LaunchScreen.storyboard;
			sourceTree = "<group>";
		};
/* End PBXVariantGroup section */

/* Begin XCBuildConfiguration section */
		DAEE3F911F97025700472A65 /* Debug */ = {
			isa = XCBuildConfiguration;
			buildSettings = {
				ALWAYS_SEARCH_USER_PATHS = NO;
				CLANG_ANALYZER_NONNULL = YES;
				CLANG_ANALYZER_NUMBER_OBJECT_CONVERSION = YES_AGGRESSIVE;
				CLANG_CXX_LANGUAGE_STANDARD = "gnu++14";
				CLANG_CXX_LIBRARY = "libc++";
				CLANG_ENABLE_MODULES = YES;
				CLANG_ENABLE_OBJC_ARC = YES;
				CLANG_WARN_BLOCK_CAPTURE_AUTORELEASING = YES;
				CLANG_WARN_BOOL_CONVERSION = YES;
				CLANG_WARN_COMMA = YES;
				CLANG_WARN_CONSTANT_CONVERSION = YES;
				CLANG_WARN_DIRECT_OBJC_ISA_USAGE = YES_ERROR;
				CLANG_WARN_DOCUMENTATION_COMMENTS = YES;
				CLANG_WARN_EMPTY_BODY = YES;
				CLANG_WARN_ENUM_CONVERSION = YES;
				CLANG_WARN_INFINITE_RECURSION = YES;
				CLANG_WARN_INT_CONVERSION = YES;
				CLANG_WARN_NON_LITERAL_NULL_CONVERSION = YES;
				CLANG_WARN_OBJC_LITERAL_CONVERSION = YES;
				CLANG_WARN_OBJC_ROOT_CLASS = YES_ERROR;
				CLANG_WARN_RANGE_LOOP_ANALYSIS = YES;
				CLANG_WARN_STRICT_PROTOTYPES = YES;
				CLANG_WARN_SUSPICIOUS_MOVE = YES;
				CLANG_WARN_UNGUARDED_AVAILABILITY = YES_AGGRESSIVE;
				CLANG_WARN_UNREACHABLE_CODE = YES;
				CLANG_WARN__DUPLICATE_METHOD_MATCH = YES;
				CODE_SIGN_IDENTITY = "iPhone Developer";
				COPY_PHASE_STRIP = NO;
				DEBUG_INFORMATION_FORMAT = dwarf;
				ENABLE_STRICT_OBJC_MSGSEND = YES;
				ENABLE_TESTABILITY = YES;
				GCC_C_LANGUAGE_STANDARD = gnu11;
				GCC_DYNAMIC_NO_PIC = NO;
				GCC_NO_COMMON_BLOCKS = YES;
				GCC_OPTIMIZATION_LEVEL = 0;
				GCC_PREPROCESSOR_DEFINITIONS = (
					"DEBUG=1",
					"$(inherited)",
				);
				GCC_WARN_64_TO_32_BIT_CONVERSION = YES;
				GCC_WARN_ABOUT_RETURN_TYPE = YES_ERROR;
				GCC_WARN_UNDECLARED_SELECTOR = YES;
				GCC_WARN_UNINITIALIZED_AUTOS = YES_AGGRESSIVE;
				GCC_WARN_UNUSED_FUNCTION = YES;
				GCC_WARN_UNUSED_VARIABLE = YES;
				IPHONEOS_DEPLOYMENT_TARGET = 11.0;
				MTL_ENABLE_DEBUG_INFO = YES;
				ONLY_ACTIVE_ARCH = YES;
				SDKROOT = iphoneos;
				SWIFT_ACTIVE_COMPILATION_CONDITIONS = DEBUG;
				SWIFT_OPTIMIZATION_LEVEL = "-Onone";
			};
			name = Debug;
		};
		DAEE3F921F97025700472A65 /* Release */ = {
			isa = XCBuildConfiguration;
			buildSettings = {
				ALWAYS_SEARCH_USER_PATHS = NO;
				CLANG_ANALYZER_NONNULL = YES;
				CLANG_ANALYZER_NUMBER_OBJECT_CONVERSION = YES_AGGRESSIVE;
				CLANG_CXX_LANGUAGE_STANDARD = "gnu++14";
				CLANG_CXX_LIBRARY = "libc++";
				CLANG_ENABLE_MODULES = YES;
				CLANG_ENABLE_OBJC_ARC = YES;
				CLANG_WARN_BLOCK_CAPTURE_AUTORELEASING = YES;
				CLANG_WARN_BOOL_CONVERSION = YES;
				CLANG_WARN_COMMA = YES;
				CLANG_WARN_CONSTANT_CONVERSION = YES;
				CLANG_WARN_DIRECT_OBJC_ISA_USAGE = YES_ERROR;
				CLANG_WARN_DOCUMENTATION_COMMENTS = YES;
				CLANG_WARN_EMPTY_BODY = YES;
				CLANG_WARN_ENUM_CONVERSION = YES;
				CLANG_WARN_INFINITE_RECURSION = YES;
				CLANG_WARN_INT_CONVERSION = YES;
				CLANG_WARN_NON_LITERAL_NULL_CONVERSION = YES;
				CLANG_WARN_OBJC_LITERAL_CONVERSION = YES;
				CLANG_WARN_OBJC_ROOT_CLASS = YES_ERROR;
				CLANG_WARN_RANGE_LOOP_ANALYSIS = YES;
				CLANG_WARN_STRICT_PROTOTYPES = YES;
				CLANG_WARN_SUSPICIOUS_MOVE = YES;
				CLANG_WARN_UNGUARDED_AVAILABILITY = YES_AGGRESSIVE;
				CLANG_WARN_UNREACHABLE_CODE = YES;
				CLANG_WARN__DUPLICATE_METHOD_MATCH = YES;
				CODE_SIGN_IDENTITY = "iPhone Developer";
				COPY_PHASE_STRIP = NO;
				DEBUG_INFORMATION_FORMAT = "dwarf-with-dsym";
				ENABLE_NS_ASSERTIONS = NO;
				ENABLE_STRICT_OBJC_MSGSEND = YES;
				GCC_C_LANGUAGE_STANDARD = gnu11;
				GCC_NO_COMMON_BLOCKS = YES;
				GCC_WARN_64_TO_32_BIT_CONVERSION = YES;
				GCC_WARN_ABOUT_RETURN_TYPE = YES_ERROR;
				GCC_WARN_UNDECLARED_SELECTOR = YES;
				GCC_WARN_UNINITIALIZED_AUTOS = YES_AGGRESSIVE;
				GCC_WARN_UNUSED_FUNCTION = YES;
				GCC_WARN_UNUSED_VARIABLE = YES;
				IPHONEOS_DEPLOYMENT_TARGET = 11.0;
				MTL_ENABLE_DEBUG_INFO = NO;
				SDKROOT = iphoneos;
				SWIFT_OPTIMIZATION_LEVEL = "-Owholemodule";
				VALIDATE_PRODUCT = YES;
			};
			name = Release;
		};
		DAEE3F941F97025700472A65 /* Debug */ = {
			isa = XCBuildConfiguration;
			buildSettings = {
				ASSETCATALOG_COMPILER_APPICON_NAME = AppIcon;
				CODE_SIGN_STYLE = Automatic;
				INFOPLIST_FILE = AppTest/Info.plist;
				LD_RUNPATH_SEARCH_PATHS = "$(inherited) @executable_path/Frameworks";
				PRODUCT_BUNDLE_IDENTIFIER = home.AppTest;
				PRODUCT_NAME = "$(TARGET_NAME)";
				SWIFT_VERSION = 4.0;
				TARGETED_DEVICE_FAMILY = "1,2";
			};
			name = Debug;
		};
		DAEE3F951F97025700472A65 /* Release */ = {
			isa = XCBuildConfiguration;
			buildSettings = {
				ASSETCATALOG_COMPILER_APPICON_NAME = AppIcon;
				CODE_SIGN_STYLE = Automatic;
				INFOPLIST_FILE = AppTest/Info.plist;
				LD_RUNPATH_SEARCH_PATHS = "$(inherited) @executable_path/Frameworks";
				PRODUCT_BUNDLE_IDENTIFIER = home.AppTest;
				PRODUCT_NAME = "$(TARGET_NAME)";
				SWIFT_VERSION = 4.0;
				TARGETED_DEVICE_FAMILY = "1,2";
			};
			name = Release;
		};
		DAEE3F971F97025700472A65 /* Debug */ = {
			isa = XCBuildConfiguration;
			buildSettings = {
				ALWAYS_EMBED_SWIFT_STANDARD_LIBRARIES = YES;
				BUNDLE_LOADER = "$(TEST_HOST)";
				CODE_SIGN_STYLE = Automatic;
				INFOPLIST_FILE = AppTestTests/Info.plist;
				LD_RUNPATH_SEARCH_PATHS = "$(inherited) @executable_path/Frameworks @loader_path/Frameworks";
				PRODUCT_BUNDLE_IDENTIFIER = home.AppTestTests;
				PRODUCT_NAME = "$(TARGET_NAME)";
				SWIFT_VERSION = 4.0;
				TARGETED_DEVICE_FAMILY = "1,2";
				TEST_HOST = "$(BUILT_PRODUCTS_DIR)/AppTest.app/AppTest";
			};
			name = Debug;
		};
		DAEE3F981F97025700472A65 /* Release */ = {
			isa = XCBuildConfiguration;
			buildSettings = {
				ALWAYS_EMBED_SWIFT_STANDARD_LIBRARIES = YES;
				BUNDLE_LOADER = "$(TEST_HOST)";
				CODE_SIGN_STYLE = Automatic;
				INFOPLIST_FILE = AppTestTests/Info.plist;
				LD_RUNPATH_SEARCH_PATHS = "$(inherited) @executable_path/Frameworks @loader_path/Frameworks";
				PRODUCT_BUNDLE_IDENTIFIER = home.AppTestTests;
				PRODUCT_NAME = "$(TARGET_NAME)";
				SWIFT_VERSION = 4.0;
				TARGETED_DEVICE_FAMILY = "1,2";
				TEST_HOST = "$(BUILT_PRODUCTS_DIR)/AppTest.app/AppTest";
			};
			name = Release;
		};
		DAEE3F9A1F97025700472A65 /* Debug */ = {
			isa = XCBuildConfiguration;
			buildSettings = {
				ALWAYS_EMBED_SWIFT_STANDARD_LIBRARIES = YES;
				CODE_SIGN_STYLE = Automatic;
				INFOPLIST_FILE = AppTestUITests/Info.plist;
				LD_RUNPATH_SEARCH_PATHS = "$(inherited) @executable_path/Frameworks @loader_path/Frameworks";
				PRODUCT_BUNDLE_IDENTIFIER = home.AppTestUITests;
				PRODUCT_NAME = "$(TARGET_NAME)";
				SWIFT_VERSION = 4.0;
				TARGETED_DEVICE_FAMILY = "1,2";
				TEST_TARGET_NAME = AppTest;
			};
			name = Debug;
		};
		DAEE3F9B1F97025700472A65 /* Release */ = {
			isa = XCBuildConfiguration;
			buildSettings = {
				ALWAYS_EMBED_SWIFT_STANDARD_LIBRARIES = YES;
				CODE_SIGN_STYLE = Automatic;
				INFOPLIST_FILE = AppTestUITests/Info.plist;
				LD_RUNPATH_SEARCH_PATHS = "$(inherited) @executable_path/Frameworks @loader_path/Frameworks";
				PRODUCT_BUNDLE_IDENTIFIER = home.AppTestUITests;
				PRODUCT_NAME = "$(TARGET_NAME)";
				SWIFT_VERSION = 4.0;
				TARGETED_DEVICE_FAMILY = "1,2";
				TEST_TARGET_NAME = AppTest;
			};
			name = Release;
		};
/* End XCBuildConfiguration section */

/* Begin XCConfigurationList section */
		DAEE3F661F97025700472A65 /* Build configuration list for PBXProject "AppTest" */ = {
			isa = XCConfigurationList;
			buildConfigurations = (
				DAEE3F911F97025700472A65 /* Debug */,
				DAEE3F921F97025700472A65 /* Release */,
			);
			defaultConfigurationIsVisible = 0;
			defaultConfigurationName = Release;
		};
		DAEE3F931F97025700472A65 /* Build configuration list for PBXNativeTarget "AppTest" */ = {
			isa = XCConfigurationList;
			buildConfigurations = (
				DAEE3F941F97025700472A65 /* Debug */,
				DAEE3F951F97025700472A65 /* Release */,
			);
			defaultConfigurationIsVisible = 0;
			defaultConfigurationName = Release;
		};
		DAEE3F961F97025700472A65 /* Build configuration list for PBXNativeTarget "AppTestTests" */ = {
			isa = XCConfigurationList;
			buildConfigurations = (
				DAEE3F971F97025700472A65 /* Debug */,
				DAEE3F981F97025700472A65 /* Release */,
			);
			defaultConfigurationIsVisible = 0;
			defaultConfigurationName = Release;
		};
		DAEE3F991F97025700472A65 /* Build configuration list for PBXNativeTarget "AppTestUITests" */ = {
			isa = XCConfigurationList;
			buildConfigurations = (
				DAEE3F9A1F97025700472A65 /* Debug */,
				DAEE3F9B1F97025700472A65 /* Release */,
			);
			defaultConfigurationIsVisible = 0;
			defaultConfigurationName = Release;
		};
/* End XCConfigurationList section */
	};
	rootObject = DAEE3F631F97025700472A65 /* Project object */;
}
